
Microsoft Visual Studio Solution File, Format Version 12.00
# Visual Studio 2013
VisualStudioVersion = 12.0.31101.0
MinimumVisualStudioVersion = 10.0.40219.1
Project("{8BC9CEB8-8B4A-11D0-8D11-00A0C91BC942}") = "ConsoleApplication4", "ConsoleApplication4\ConsoleApplication4.vcxproj", "{A2075802-27AD-4D4F-8D30-25FAD4EF900A}"
EndProject
Global
	GlobalSection(SolutionConfigurationPlatforms) = preSolution
		Debug|Win32 = Debug|Win32
		Release|Win32 = Release|Win32
	EndGlobalSection
	GlobalSection(ProjectConfigurationPlatforms) = postSolution
		{A2075802-27AD-4D4F-8D30-25FAD4EF900A}.Debug|Win32.ActiveCfg = Debug|Win32
		{A2075802-27AD-4D4F-8D30-25FAD4EF900A}.Debug|Win32.Build.0 = Debug|Win32
		{A2075802-27AD-4D4F-8D30-25FAD4EF900A}.Release|Win32.ActiveCfg = Release|Win32
		{A2075802-27AD-4D4F-8D30-25FAD4EF900A}.Release|Win32.Build.0 = Release|Win32
	EndGlobalSection
	GlobalSection(SolutionProperties) = preSolution
		HideSolutionNode = FALSE
	EndGlobalSection
EndGlobal
